
Microsoft Visual Studio Solution File, Format Version 12.00
# Visual Studio Version 17
VisualStudioVersion = 17.2.32519.379
MinimumVisualStudioVersion = 10.0.40219.1
Project("{FAE04EC0-301F-11D3-BF4B-00C04F79EFBC}") = "VRisingNewMoon", "VRisingNewMoon\VRisingNewMoon.csproj", "{EDFB3573-8D70-4D3C-A485-553B3C79D702}"
EndProject
Global
	GlobalSection(SolutionConfigurationPlatforms) = preSolution
		Debug|Any CPU = Debug|Any CPU
		Release|Any CPU = Release|Any CPU
	EndGlobalSection
	GlobalSection(ProjectConfigurationPlatforms) = postSolution
		{EDFB3573-8D70-4D3C-A485-553B3C79D702}.Debug|Any CPU.ActiveCfg = Debug|Any CPU
		{EDFB3573-8D70-4D3C-A485-553B3C79D702}.Debug|Any CPU.Build.0 = Debug|Any CPU
		{EDFB3573-8D70-4D3C-A485-553B3C79D702}.Release|Any CPU.ActiveCfg = Release|Any CPU
		{EDFB3573-8D70-4D3C-A485-553B3C79D702}.Release|Any CPU.Build.0 = Release|Any CPU
	EndGlobalSection
	GlobalSection(SolutionProperties) = preSolution
		HideSolutionNode = FALSE
	EndGlobalSection
	GlobalSection(ExtensibilityGlobals) = postSolution
		SolutionGuid = {31EA75F2-BA8B-414E-8081-742408EFF629}
	EndGlobalSection
EndGlobal
